# This file is automatically @generated by Cargo.
# It is not intended for manual editing.
version = 4

[[package]]
name = "nudo-agent"
version = "0.0.1"

[[package]]
name = "nudo-ast"
version = "0.0.1"
dependencies = [
 "nudo-parser",
 "nudo-source",
 "nudo-span",
 "nudo-syntax",
]

[[package]]
name = "nudo-backend-interpreter"
version = "0.0.1"

[[package]]
name = "nudo-backend-wasm"
version = "0.0.1"

[[package]]
name = "nudo-bench"
version = "0.0.1"
dependencies = [
 "nudo-lexer",
 "nudo-source",
]

[[package]]
name = "nudo-capability"
version = "0.0.1"

[[package]]
name = "nudo-cli"
version = "0.0.1"
dependencies = [
 "nudo-common",
 "nudo-diagnostics",
 "nudo-hir",
 "nudo-lexer",
 "nudo-parser",
 "nudo-source",
 "nudo-span",
 "nudo-syntax",
]

[[package]]
name = "nudo-codegen"
version = "0.0.1"

[[package]]
name = "nudo-common"
version = "0.0.1"

[[package]]
name = "nudo-diagnostics"
version = "0.0.1"
dependencies = [
 "nudo-source",
 "nudo-span",
]

[[package]]
name = "nudo-doc"
version = "0.0.1"

[[package]]
name = "nudo-effects"
version = "0.0.1"

[[package]]
name = "nudo-eval"
version = "0.0.1"

[[package]]
name = "nudo-fmt"
version = "0.0.1"

[[package]]
name = "nudo-hir"
version = "0.0.1"
dependencies = [
 "nudo-diagnostics",
 "nudo-parser",
 "nudo-source",
 "nudo-span",
 "nudo-syntax",
]

[[package]]
name = "nudo-lexer"
version = "0.0.1"
dependencies = [
 "nudo-diagnostics",
 "nudo-source",
 "nudo-span",
]

[[package]]
name = "nudo-lsp"
version = "0.0.1"

[[package]]
name = "nudo-memory"
version = "0.0.1"

[[package]]
name = "nudo-mir"
version = "0.0.1"

[[package]]
name = "nudo-model"
version = "0.0.1"

[[package]]
name = "nudo-parser"
version = "0.0.1"
dependencies = [
 "nudo-diagnostics",
 "nudo-lexer",
 "nudo-source",
 "nudo-span",
 "nudo-syntax",
]

[[package]]
name = "nudo-policy"
version = "0.0.1"

[[package]]
name = "nudo-provenance"
version = "0.0.1"

[[package]]
name = "nudo-repl"
version = "0.0.1"

[[package]]
name = "nudo-runtime"
version = "0.0.1"

[[package]]
name = "nudo-sandbox"
version = "0.0.1"

[[package]]
name = "nudo-schema"
version = "0.0.1"

[[package]]
name = "nudo-source"
version = "0.0.1"
dependencies = [
 "nudo-common",
 "nudo-span",
]

[[package]]
name = "nudo-span"
version = "0.0.1"

[[package]]
name = "nudo-syntax"
version = "0.0.1"
dependencies = [
 "nudo-span",
]

[[package]]
name = "nudo-task"
version = "0.0.1"

[[package]]
name = "nudo-test"
version = "0.0.1"

[[package]]
name = "nudo-tool"
version = "0.0.1"

[[package]]
name = "nudo-trace"
version = "0.0.1"

[[package]]
name = "nudo-typeck"
version = "0.0.1"
dependencies = [
 "nudo-diagnostics",
 "nudo-hir",
 "nudo-parser",
 "nudo-source",
 "nudo-span",
]
